
Microsoft Visual Studio Solution File, Format Version 12.00
# Visual Studio Version 16
VisualStudioVersion = 16.0.30717.126
MinimumVisualStudioVersion = 10.0.40219.1
Project("{FAE04EC0-301F-11D3-BF4B-00C04F79EFBC}") = "Lesson1WPF", "Lesson1WPF\Lesson1WPF.csproj", "{518C55AF-DFA2-4357-91E6-AB7C29DAE319}"
EndProject
Project("{FAE04EC0-301F-11D3-BF4B-00C04F79EFBC}") = "Support", "Support\Support.csproj", "{B4DCA92B-5DED-4BED-9414-064F28A0CCA6}"
EndProject
Project("{FAE04EC0-301F-11D3-BF4B-00C04F79EFBC}") = "TestApp", "TestApp\TestApp.csproj", "{64B0987A-CBF6-4AE0-BEB0-C4C7F428A0CE}"
EndProject
Project("{FAE04EC0-301F-11D3-BF4B-00C04F79EFBC}") = "Clearmvvm", "Clearmvvm\Clearmvvm.csproj", "{6B9500DF-6142-42A6-AF57-B2A1E833DA8C}"
EndProject
Project("{FAE04EC0-301F-11D3-BF4B-00C04F79EFBC}") = "Clearmvvm2", "Clearmvvm2\Clearmvvm2.csproj", "{9B5CD1BF-D80F-4D43-8488-71EDBD3153A6}"
EndProject
Project("{2150E333-8FDC-42A3-9474-1A3956D46DE8}") = "Tests", "Tests", "{DFCE62AC-384E-400A-BA1C-0F847EAF1DBA}"
EndProject
Project("{9A19103F-16F7-4668-BE54-9A1E7A4F7556}") = "SupportTests", "SupportTests\SupportTests.csproj", "{D9C30997-3907-4B45-8635-BF385489BA65}"
EndProject
Project("{9A19103F-16F7-4668-BE54-9A1E7A4F7556}") = "SupportTests_v2", "SupportTests_v2\SupportTests_v2.csproj", "{B66EDC13-815B-467A-985D-015DC490A0D3}"
EndProject
Project("{2150E333-8FDC-42A3-9474-1A3956D46DE8}") = "ThreadTests", "ThreadTests", "{2F0AA449-6ACE-4881-B511-2FCA3F274CC9}"
EndProject
Project("{FAE04EC0-301F-11D3-BF4B-00C04F79EFBC}") = "ConsoleApp1", "ConsoleApp1\ConsoleApp1.csproj", "{8072A652-C1B7-432F-B052-C45F4AC20DF8}"
EndProject
Project("{FAE04EC0-301F-11D3-BF4B-00C04F79EFBC}") = "ConsoleApp2", "ConsoleApp2\ConsoleApp2.csproj", "{483E4646-0C38-49C8-ACED-94AFDD9FB4C5}"
EndProject
Project("{FAE04EC0-301F-11D3-BF4B-00C04F79EFBC}") = "ConsoleApp3", "ConsoleApp3\ConsoleApp3.csproj", "{44715E41-E544-47A2-A2E1-E083032330D2}"
EndProject
Project("{FAE04EC0-301F-11D3-BF4B-00C04F79EFBC}") = "ConsoleApp4", "ConsoleApp4\ConsoleApp4.csproj", "{737B42BC-D80F-403E-AB30-4DE50BBD97C4}"
EndProject
Project("{FAE04EC0-301F-11D3-BF4B-00C04F79EFBC}") = "ConsoleApp5", "ConsoleApp5\ConsoleApp5.csproj", "{D1844B9C-938E-4559-A213-5F2CF97649AD}"
EndProject
Project("{FAE04EC0-301F-11D3-BF4B-00C04F79EFBC}") = "ConsoleApp6", "ConsoleApp6\ConsoleApp6.csproj", "{A129F71F-8978-44C0-9799-DE58086AD238}"
EndProject
Project("{FAE04EC0-301F-11D3-BF4B-00C04F79EFBC}") = "ConsoleApp7", "ConsoleApp7\ConsoleApp7.csproj", "{16CF4789-65AF-49C1-94BD-02AFE8919EF3}"
EndProject
Project("{FAE04EC0-301F-11D3-BF4B-00C04F79EFBC}") = "winformsMutex", "winformsMutex\winformsMutex.csproj", "{DDFB377B-E720-429B-9E80-938AB25B035A}"
EndProject
Project("{FAE04EC0-301F-11D3-BF4B-00C04F79EFBC}") = "wpfMutex", "wpfMutex\wpfMutex.csproj", "{F2D79C9D-FEB2-415F-8DA2-55C60910224C}"
EndProject
Project("{FAE04EC0-301F-11D3-BF4B-00C04F79EFBC}") = "ConsoleApp8", "ConsoleApp8\ConsoleApp8.csproj", "{44A47CD9-D01E-4879-A83C-6190DCB8E1BD}"
EndProject
Project("{FAE04EC0-301F-11D3-BF4B-00C04F79EFBC}") = "ConsoleApp9", "ConsoleApp9\ConsoleApp9.csproj", "{C55D04D5-EF85-4847-AB15-6A25CC81063A}"
EndProject
Project("{2150E333-8FDC-42A3-9474-1A3956D46DE8}") = "Tpl", "Tpl", "{49A6FC24-8C39-4179-8696-E3B12BF1B997}"
EndProject
Project("{FAE04EC0-301F-11D3-BF4B-00C04F79EFBC}") = "ConsoleApp10", "ConsoleApp10\ConsoleApp10.csproj", "{5D0A5BD7-330C-4871-B026-D3FC88F09A42}"
EndProject
Project("{FAE04EC0-301F-11D3-BF4B-00C04F79EFBC}") = "ConsoleApp11", "ConsoleApp11\ConsoleApp11.csproj", "{9A60B8C5-7500-43CE-AE81-C73A4E88431B}"
EndProject
Project("{FAE04EC0-301F-11D3-BF4B-00C04F79EFBC}") = "ConsoleApp12", "ConsoleApp12\ConsoleApp12.csproj", "{97E7F47D-C2FA-4236-BDA3-C4506D50A2BD}"
EndProject
Project("{FAE04EC0-301F-11D3-BF4B-00C04F79EFBC}") = "ConsoleApp13", "ConsoleApp13\ConsoleApp13.csproj", "{7D76A89D-79DF-401E-B821-8651A8BD1BD6}"
EndProject
Project("{FAE04EC0-301F-11D3-BF4B-00C04F79EFBC}") = "WpfApp1", "WpfApp1\WpfApp1.csproj", "{F165D6C7-9491-416E-B386-58459D7535D2}"
EndProject
Project("{2150E333-8FDC-42A3-9474-1A3956D46DE8}") = "EF", "EF", "{97202A04-8CE4-4976-8E80-0A666737F17F}"
EndProject
Project("{FAE04EC0-301F-11D3-BF4B-00C04F79EFBC}") = "ef-test", "ef-test\ef-test.csproj", "{2D50D2E3-699B-4450-ACD4-DDB486D4AEBC}"
EndProject
Project("{FAE04EC0-301F-11D3-BF4B-00C04F79EFBC}") = "report", "report\report.csproj", "{2340D4A8-FA37-4D4B-860C-5029719B6F99}"
EndProject
Project("{2150E333-8FDC-42A3-9474-1A3956D46DE8}") = "Reflection", "Reflection", "{6B3A2D60-645B-4751-9168-479DB1E5F7D9}"
EndProject
Project("{FAE04EC0-301F-11D3-BF4B-00C04F79EFBC}") = "ConsoleApp14", "ConsoleApp14\ConsoleApp14.csproj", "{B8AF52E1-AEE2-4222-AB9B-0E5300BCE188}"
EndProject
Project("{FAE04EC0-301F-11D3-BF4B-00C04F79EFBC}") = "ConsoleApp15", "ConsoleApp15\ConsoleApp15.csproj", "{6AC226F3-525B-4EF1-8AE9-254EA4B11101}"
EndProject
Project("{FAE04EC0-301F-11D3-BF4B-00C04F79EFBC}") = "serialize", "serialize\serialize.csproj", "{7E8A63A4-AC22-47AC-940F-0D10AC4BF670}"
EndProject
Global
	GlobalSection(SolutionConfigurationPlatforms) = preSolution
		Debug|Any CPU = Debug|Any CPU
		Release|Any CPU = Release|Any CPU
	EndGlobalSection
	GlobalSection(ProjectConfigurationPlatforms) = postSolution
		{518C55AF-DFA2-4357-91E6-AB7C29DAE319}.Debug|Any CPU.ActiveCfg = Debug|Any CPU
		{518C55AF-DFA2-4357-91E6-AB7C29DAE319}.Debug|Any CPU.Build.0 = Debug|Any CPU
		{518C55AF-DFA2-4357-91E6-AB7C29DAE319}.Release|Any CPU.ActiveCfg = Release|Any CPU
		{518C55AF-DFA2-4357-91E6-AB7C29DAE319}.Release|Any CPU.Build.0 = Release|Any CPU
		{B4DCA92B-5DED-4BED-9414-064F28A0CCA6}.Debug|Any CPU.ActiveCfg = Debug|Any CPU
		{B4DCA92B-5DED-4BED-9414-064F28A0CCA6}.Debug|Any CPU.Build.0 = Debug|Any CPU
		{B4DCA92B-5DED-4BED-9414-064F28A0CCA6}.Release|Any CPU.ActiveCfg = Release|Any CPU
		{B4DCA92B-5DED-4BED-9414-064F28A0CCA6}.Release|Any CPU.Build.0 = Release|Any CPU
		{64B0987A-CBF6-4AE0-BEB0-C4C7F428A0CE}.Debug|Any CPU.ActiveCfg = Debug|Any CPU
		{64B0987A-CBF6-4AE0-BEB0-C4C7F428A0CE}.Debug|Any CPU.Build.0 = Debug|Any CPU
		{64B0987A-CBF6-4AE0-BEB0-C4C7F428A0CE}.Release|Any CPU.ActiveCfg = Release|Any CPU
		{64B0987A-CBF6-4AE0-BEB0-C4C7F428A0CE}.Release|Any CPU.Build.0 = Release|Any CPU
		{6B9500DF-6142-42A6-AF57-B2A1E833DA8C}.Debug|Any CPU.ActiveCfg = Debug|Any CPU
		{6B9500DF-6142-42A6-AF57-B2A1E833DA8C}.Debug|Any CPU.Build.0 = Debug|Any CPU
		{6B9500DF-6142-42A6-AF57-B2A1E833DA8C}.Release|Any CPU.ActiveCfg = Release|Any CPU
		{6B9500DF-6142-42A6-AF57-B2A1E833DA8C}.Release|Any CPU.Build.0 = Release|Any CPU
		{9B5CD1BF-D80F-4D43-8488-71EDBD3153A6}.Debug|Any CPU.ActiveCfg = Debug|Any CPU
		{9B5CD1BF-D80F-4D43-8488-71EDBD3153A6}.Debug|Any CPU.Build.0 = Debug|Any CPU
		{9B5CD1BF-D80F-4D43-8488-71EDBD3153A6}.Release|Any CPU.ActiveCfg = Release|Any CPU
		{9B5CD1BF-D80F-4D43-8488-71EDBD3153A6}.Release|Any CPU.Build.0 = Release|Any CPU
		{D9C30997-3907-4B45-8635-BF385489BA65}.Debug|Any CPU.ActiveCfg = Debug|Any CPU
		{D9C30997-3907-4B45-8635-BF385489BA65}.Debug|Any CPU.Build.0 = Debug|Any CPU
		{D9C30997-3907-4B45-8635-BF385489BA65}.Release|Any CPU.ActiveCfg = Release|Any CPU
		{D9C30997-3907-4B45-8635-BF385489BA65}.Release|Any CPU.Build.0 = Release|Any CPU
		{B66EDC13-815B-467A-985D-015DC490A0D3}.Debug|Any CPU.ActiveCfg = Debug|Any CPU
		{B66EDC13-815B-467A-985D-015DC490A0D3}.Debug|Any CPU.Build.0 = Debug|Any CPU
		{B66EDC13-815B-467A-985D-015DC490A0D3}.Release|Any CPU.ActiveCfg = Release|Any CPU
		{B66EDC13-815B-467A-985D-015DC490A0D3}.Release|Any CPU.Build.0 = Release|Any CPU
		{8072A652-C1B7-432F-B052-C45F4AC20DF8}.Debug|Any CPU.ActiveCfg = Debug|Any CPU
		{8072A652-C1B7-432F-B052-C45F4AC20DF8}.Debug|Any CPU.Build.0 = Debug|Any CPU
		{8072A652-C1B7-432F-B052-C45F4AC20DF8}.Release|Any CPU.ActiveCfg = Release|Any CPU
		{8072A652-C1B7-432F-B052-C45F4AC20DF8}.Release|Any CPU.Build.0 = Release|Any CPU
		{483E4646-0C38-49C8-ACED-94AFDD9FB4C5}.Debug|Any CPU.ActiveCfg = Debug|Any CPU
		{483E4646-0C38-49C8-ACED-94AFDD9FB4C5}.Debug|Any CPU.Build.0 = Debug|Any CPU
		{483E4646-0C38-49C8-ACED-94AFDD9FB4C5}.Release|Any CPU.ActiveCfg = Release|Any CPU
		{483E4646-0C38-49C8-ACED-94AFDD9FB4C5}.Release|Any CPU.Build.0 = Release|Any CPU
		{44715E41-E544-47A2-A2E1-E083032330D2}.Debug|Any CPU.ActiveCfg = Debug|Any CPU
		{44715E41-E544-47A2-A2E1-E083032330D2}.Debug|Any CPU.Build.0 = Debug|Any CPU
		{44715E41-E544-47A2-A2E1-E083032330D2}.Release|Any CPU.ActiveCfg = Release|Any CPU
		{44715E41-E544-47A2-A2E1-E083032330D2}.Release|Any CPU.Build.0 = Release|Any CPU
		{737B42BC-D80F-403E-AB30-4DE50BBD97C4}.Debug|Any CPU.ActiveCfg = Debug|Any CPU
		{737B42BC-D80F-403E-AB30-4DE50BBD97C4}.Debug|Any CPU.Build.0 = Debug|Any CPU
		{737B42BC-D80F-403E-AB30-4DE50BBD97C4}.Release|Any CPU.ActiveCfg = Release|Any CPU
		{737B42BC-D80F-403E-AB30-4DE50BBD97C4}.Release|Any CPU.Build.0 = Release|Any CPU
		{D1844B9C-938E-4559-A213-5F2CF97649AD}.Debug|Any CPU.ActiveCfg = Debug|Any CPU
		{D1844B9C-938E-4559-A213-5F2CF97649AD}.Debug|Any CPU.Build.0 = Debug|Any CPU
		{D1844B9C-938E-4559-A213-5F2CF97649AD}.Release|Any CPU.ActiveCfg = Release|Any CPU
		{D1844B9C-938E-4559-A213-5F2CF97649AD}.Release|Any CPU.Build.0 = Release|Any CPU
		{A129F71F-8978-44C0-9799-DE58086AD238}.Debug|Any CPU.ActiveCfg = Debug|Any CPU
		{A129F71F-8978-44C0-9799-DE58086AD238}.Debug|Any CPU.Build.0 = Debug|Any CPU
		{A129F71F-8978-44C0-9799-DE58086AD238}.Release|Any CPU.ActiveCfg = Release|Any CPU
		{A129F71F-8978-44C0-9799-DE58086AD238}.Release|Any CPU.Build.0 = Release|Any CPU
		{16CF4789-65AF-49C1-94BD-02AFE8919EF3}.Debug|Any CPU.ActiveCfg = Debug|Any CPU
		{16CF4789-65AF-49C1-94BD-02AFE8919EF3}.Debug|Any CPU.Build.0 = Debug|Any CPU
		{16CF4789-65AF-49C1-94BD-02AFE8919EF3}.Release|Any CPU.ActiveCfg = Release|Any CPU
		{16CF4789-65AF-49C1-94BD-02AFE8919EF3}.Release|Any CPU.Build.0 = Release|Any CPU
		{DDFB377B-E720-429B-9E80-938AB25B035A}.Debug|Any CPU.ActiveCfg = Debug|Any CPU
		{DDFB377B-E720-429B-9E80-938AB25B035A}.Debug|Any CPU.Build.0 = Debug|Any CPU
		{DDFB377B-E720-429B-9E80-938AB25B035A}.Release|Any CPU.ActiveCfg = Release|Any CPU
		{DDFB377B-E720-429B-9E80-938AB25B035A}.Release|Any CPU.Build.0 = Release|Any CPU
		{F2D79C9D-FEB2-415F-8DA2-55C60910224C}.Debug|Any CPU.ActiveCfg = Debug|Any CPU
		{F2D79C9D-FEB2-415F-8DA2-55C60910224C}.Debug|Any CPU.Build.0 = Debug|Any CPU
		{F2D79C9D-FEB2-415F-8DA2-55C60910224C}.Release|Any CPU.ActiveCfg = Release|Any CPU
		{F2D79C9D-FEB2-415F-8DA2-55C60910224C}.Release|Any CPU.Build.0 = Release|Any CPU
		{44A47CD9-D01E-4879-A83C-6190DCB8E1BD}.Debug|Any CPU.ActiveCfg = Debug|Any CPU
		{44A47CD9-D01E-4879-A83C-6190DCB8E1BD}.Debug|Any CPU.Build.0 = Debug|Any CPU
		{44A47CD9-D01E-4879-A83C-6190DCB8E1BD}.Release|Any CPU.ActiveCfg = Release|Any CPU
		{44A47CD9-D01E-4879-A83C-6190DCB8E1BD}.Release|Any CPU.Build.0 = Release|Any CPU
		{C55D04D5-EF85-4847-AB15-6A25CC81063A}.Debug|Any CPU.ActiveCfg = Debug|Any CPU
		{C55D04D5-EF85-4847-AB15-6A25CC81063A}.Debug|Any CPU.Build.0 = Debug|Any CPU
		{C55D04D5-EF85-4847-AB15-6A25CC81063A}.Release|Any CPU.ActiveCfg = Release|Any CPU
		{C55D04D5-EF85-4847-AB15-6A25CC81063A}.Release|Any CPU.Build.0 = Release|Any CPU
		{5D0A5BD7-330C-4871-B026-D3FC88F09A42}.Debug|Any CPU.ActiveCfg = Debug|Any CPU
		{5D0A5BD7-330C-4871-B026-D3FC88F09A42}.Debug|Any CPU.Build.0 = Debug|Any CPU
		{5D0A5BD7-330C-4871-B026-D3FC88F09A42}.Release|Any CPU.ActiveCfg = Release|Any CPU
		{5D0A5BD7-330C-4871-B026-D3FC88F09A42}.Release|Any CPU.Build.0 = Release|Any CPU
		{9A60B8C5-7500-43CE-AE81-C73A4E88431B}.Debug|Any CPU.ActiveCfg = Debug|Any CPU
		{9A60B8C5-7500-43CE-AE81-C73A4E88431B}.Debug|Any CPU.Build.0 = Debug|Any CPU
		{9A60B8C5-7500-43CE-AE81-C73A4E88431B}.Release|Any CPU.ActiveCfg = Release|Any CPU
		{9A60B8C5-7500-43CE-AE81-C73A4E88431B}.Release|Any CPU.Build.0 = Release|Any CPU
		{97E7F47D-C2FA-4236-BDA3-C4506D50A2BD}.Debug|Any CPU.ActiveCfg = Debug|Any CPU
		{97E7F47D-C2FA-4236-BDA3-C4506D50A2BD}.Debug|Any CPU.Build.0 = Debug|Any CPU
		{97E7F47D-C2FA-4236-BDA3-C4506D50A2BD}.Release|Any CPU.ActiveCfg = Release|Any CPU
		{97E7F47D-C2FA-4236-BDA3-C4506D50A2BD}.Release|Any CPU.Build.0 = Release|Any CPU
		{7D76A89D-79DF-401E-B821-8651A8BD1BD6}.Debug|Any CPU.ActiveCfg = Debug|Any CPU
		{7D76A89D-79DF-401E-B821-8651A8BD1BD6}.Debug|Any CPU.Build.0 = Debug|Any CPU
		{7D76A89D-79DF-401E-B821-8651A8BD1BD6}.Release|Any CPU.ActiveCfg = Release|Any CPU
		{7D76A89D-79DF-401E-B821-8651A8BD1BD6}.Release|Any CPU.Build.0 = Release|Any CPU
		{F165D6C7-9491-416E-B386-58459D7535D2}.Debug|Any CPU.ActiveCfg = Debug|Any CPU
		{F165D6C7-9491-416E-B386-58459D7535D2}.Debug|Any CPU.Build.0 = Debug|Any CPU
		{F165D6C7-9491-416E-B386-58459D7535D2}.Release|Any CPU.ActiveCfg = Release|Any CPU
		{F165D6C7-9491-416E-B386-58459D7535D2}.Release|Any CPU.Build.0 = Release|Any CPU
		{2D50D2E3-699B-4450-ACD4-DDB486D4AEBC}.Debug|Any CPU.ActiveCfg = Debug|Any CPU
		{2D50D2E3-699B-4450-ACD4-DDB486D4AEBC}.Debug|Any CPU.Build.0 = Debug|Any CPU
		{2D50D2E3-699B-4450-ACD4-DDB486D4AEBC}.Release|Any CPU.ActiveCfg = Release|Any CPU
		{2D50D2E3-699B-4450-ACD4-DDB486D4AEBC}.Release|Any CPU.Build.0 = Release|Any CPU
		{2340D4A8-FA37-4D4B-860C-5029719B6F99}.Debug|Any CPU.ActiveCfg = Debug|Any CPU
		{2340D4A8-FA37-4D4B-860C-5029719B6F99}.Debug|Any CPU.Build.0 = Debug|Any CPU
		{2340D4A8-FA37-4D4B-860C-5029719B6F99}.Release|Any CPU.ActiveCfg = Release|Any CPU
		{2340D4A8-FA37-4D4B-860C-5029719B6F99}.Release|Any CPU.Build.0 = Release|Any CPU
		{B8AF52E1-AEE2-4222-AB9B-0E5300BCE188}.Debug|Any CPU.ActiveCfg = Debug|Any CPU
		{B8AF52E1-AEE2-4222-AB9B-0E5300BCE188}.Debug|Any CPU.Build.0 = Debug|Any CPU
		{B8AF52E1-AEE2-4222-AB9B-0E5300BCE188}.Release|Any CPU.ActiveCfg = Release|Any CPU
		{B8AF52E1-AEE2-4222-AB9B-0E5300BCE188}.Release|Any CPU.Build.0 = Release|Any CPU
		{6AC226F3-525B-4EF1-8AE9-254EA4B11101}.Debug|Any CPU.ActiveCfg = Debug|Any CPU
		{6AC226F3-525B-4EF1-8AE9-254EA4B11101}.Debug|Any CPU.Build.0 = Debug|Any CPU
		{6AC226F3-525B-4EF1-8AE9-254EA4B11101}.Release|Any CPU.ActiveCfg = Release|Any CPU
		{6AC226F3-525B-4EF1-8AE9-254EA4B11101}.Release|Any CPU.Build.0 = Release|Any CPU
		{7E8A63A4-AC22-47AC-940F-0D10AC4BF670}.Debug|Any CPU.ActiveCfg = Debug|Any CPU
		{7E8A63A4-AC22-47AC-940F-0D10AC4BF670}.Debug|Any CPU.Build.0 = Debug|Any CPU
		{7E8A63A4-AC22-47AC-940F-0D10AC4BF670}.Release|Any CPU.ActiveCfg = Release|Any CPU
		{7E8A63A4-AC22-47AC-940F-0D10AC4BF670}.Release|Any CPU.Build.0 = Release|Any CPU
	EndGlobalSection
	GlobalSection(SolutionProperties) = preSolution
		HideSolutionNode = FALSE
	EndGlobalSection
	GlobalSection(NestedProjects) = preSolution
		{D9C30997-3907-4B45-8635-BF385489BA65} = {DFCE62AC-384E-400A-BA1C-0F847EAF1DBA}
		{B66EDC13-815B-467A-985D-015DC490A0D3} = {DFCE62AC-384E-400A-BA1C-0F847EAF1DBA}
		{8072A652-C1B7-432F-B052-C45F4AC20DF8} = {2F0AA449-6ACE-4881-B511-2FCA3F274CC9}
		{483E4646-0C38-49C8-ACED-94AFDD9FB4C5} = {2F0AA449-6ACE-4881-B511-2FCA3F274CC9}
		{44715E41-E544-47A2-A2E1-E083032330D2} = {2F0AA449-6ACE-4881-B511-2FCA3F274CC9}
		{737B42BC-D80F-403E-AB30-4DE50BBD97C4} = {2F0AA449-6ACE-4881-B511-2FCA3F274CC9}
		{D1844B9C-938E-4559-A213-5F2CF97649AD} = {2F0AA449-6ACE-4881-B511-2FCA3F274CC9}
		{A129F71F-8978-44C0-9799-DE58086AD238} = {2F0AA449-6ACE-4881-B511-2FCA3F274CC9}
		{16CF4789-65AF-49C1-94BD-02AFE8919EF3} = {2F0AA449-6ACE-4881-B511-2FCA3F274CC9}
		{DDFB377B-E720-429B-9E80-938AB25B035A} = {2F0AA449-6ACE-4881-B511-2FCA3F274CC9}
		{F2D79C9D-FEB2-415F-8DA2-55C60910224C} = {2F0AA449-6ACE-4881-B511-2FCA3F274CC9}
		{44A47CD9-D01E-4879-A83C-6190DCB8E1BD} = {2F0AA449-6ACE-4881-B511-2FCA3F274CC9}
		{C55D04D5-EF85-4847-AB15-6A25CC81063A} = {2F0AA449-6ACE-4881-B511-2FCA3F274CC9}
		{5D0A5BD7-330C-4871-B026-D3FC88F09A42} = {49A6FC24-8C39-4179-8696-E3B12BF1B997}
		{9A60B8C5-7500-43CE-AE81-C73A4E88431B} = {49A6FC24-8C39-4179-8696-E3B12BF1B997}
		{97E7F47D-C2FA-4236-BDA3-C4506D50A2BD} = {49A6FC24-8C39-4179-8696-E3B12BF1B997}
		{7D76A89D-79DF-401E-B821-8651A8BD1BD6} = {49A6FC24-8C39-4179-8696-E3B12BF1B997}
		{F165D6C7-9491-416E-B386-58459D7535D2} = {49A6FC24-8C39-4179-8696-E3B12BF1B997}
		{2D50D2E3-699B-4450-ACD4-DDB486D4AEBC} = {97202A04-8CE4-4976-8E80-0A666737F17F}
		{2340D4A8-FA37-4D4B-860C-5029719B6F99} = {97202A04-8CE4-4976-8E80-0A666737F17F}
		{B8AF52E1-AEE2-4222-AB9B-0E5300BCE188} = {6B3A2D60-645B-4751-9168-479DB1E5F7D9}
		{6AC226F3-525B-4EF1-8AE9-254EA4B11101} = {6B3A2D60-645B-4751-9168-479DB1E5F7D9}
		{7E8A63A4-AC22-47AC-940F-0D10AC4BF670} = {6B3A2D60-645B-4751-9168-479DB1E5F7D9}
	EndGlobalSection
	GlobalSection(ExtensibilityGlobals) = postSolution
		SolutionGuid = {DAA779C8-9A37-4D55-827B-8255DE1D3BCC}
	EndGlobalSection
EndGlobal
